
Microsoft Visual Studio Solution File, Format Version 12.00
# Visual Studio Version 17
VisualStudioVersion = 17.4.33213.308
MinimumVisualStudioVersion = 10.0.40219.1
Project("{FAE04EC0-301F-11D3-BF4B-00C04F79EFBC}") = "uszo___eb", "uszo___eb\uszo___eb.csproj", "{03B63CB1-BCC6-4C69-962A-34EFEF542707}"
EndProject
Global
	GlobalSection(SolutionConfigurationPlatforms) = preSolution
		Debug|Any CPU = Debug|Any CPU
		Release|Any CPU = Release|Any CPU
	EndGlobalSection
	GlobalSection(ProjectConfigurationPlatforms) = postSolution
		{03B63CB1-BCC6-4C69-962A-34EFEF542707}.Debug|Any CPU.ActiveCfg = Debug|Any CPU
		{03B63CB1-BCC6-4C69-962A-34EFEF542707}.Debug|Any CPU.Build.0 = Debug|Any CPU
		{03B63CB1-BCC6-4C69-962A-34EFEF542707}.Release|Any CPU.ActiveCfg = Release|Any CPU
		{03B63CB1-BCC6-4C69-962A-34EFEF542707}.Release|Any CPU.Build.0 = Release|Any CPU
	EndGlobalSection
	GlobalSection(SolutionProperties) = preSolution
		HideSolutionNode = FALSE
	EndGlobalSection
	GlobalSection(ExtensibilityGlobals) = postSolution
		SolutionGuid = {E36FA60C-B0A1-4C06-83C6-6C239355EAE9}
	EndGlobalSection
EndGlobal
